# This file is autogenerated, do not edit; changes may be undone by the next 'dep ensure'.


[[projects]]
  branch = "master"
  name = "github.com/cenkalti/hub"
  packages = ["."]
  revision = "11382a9960d39b0ecda16fd01c424c11ff765a34"

[[projects]]
  branch = "master"
  name = "github.com/cenkalti/rpc2"
  packages = [
    ".",
    "jsonrpc"
  ]
  revision = "c51a77e5f664b4a8a69bce4270d14204f94d51f9"

[solve-meta]
  analyzer-name = "dep"
  analyzer-version = 1
  inputs-digest = "3f164d7adff1fc4b5d009dd7fd5ecb6eda8de14727fea4edd7fdfc11fb14805b"
  solver-name = "gps-cdcl"
  solver-version = 1
